
Microsoft Visual Studio Solution File, Format Version 12.00
# Visual Studio 2012
Project("{FAE04EC0-301F-11D3-BF4B-00C04F79EFBC}") = "IRERP_RestAPI_Models", "IRERP_RestAPI_Models\IRERP_RestAPI_Models.csproj", "{C7532037-723E-4E1C-ACC4-BF522FE1F614}"
EndProject
Project("{FAE04EC0-301F-11D3-BF4B-00C04F79EFBC}") = "IRERP_REST_API_Bases", "IRERP_REST_API_Bases\IRERP_REST_API_Bases.csproj", "{8C2D1F0E-0117-43E1-8F90-AF0238E81ECD}"
EndProject
Project("{FAE04EC0-301F-11D3-BF4B-00C04F79EFBC}") = "IRERP-RestAPI", "IRERP-RestAPI\IRERP-RestAPI.csproj", "{92265119-31F8-46CC-BCF9-E1B52C39ACCE}"
EndProject
Project("{FAE04EC0-301F-11D3-BF4B-00C04F79EFBC}") = "NHibernate", "NHibernate-3.3.1.GA-src\src\NHibernate\NHibernate.csproj", "{5909BFE7-93CF-4E5F-BE22-6293368AF01D}"
EndProject
Project("{FAE04EC0-301F-11D3-BF4B-00C04F79EFBC}") = "Iesi.Collections", "NHibernate-3.3.1.GA-src\src\Iesi.Collections\Iesi.Collections.csproj", "{4C251E3E-6EA1-4A51-BBCB-F9C42AE55344}"
EndProject
Project("{FAE04EC0-301F-11D3-BF4B-00C04F79EFBC}") = "FluentNHibernate", "fluent-nhibernate\src\FluentNHibernate\FluentNHibernate.csproj", "{529145D5-6CC3-4016-89B5-826563024AF1}"
EndProject
Project("{FAE04EC0-301F-11D3-BF4B-00C04F79EFBC}") = "MsdLib", "MsdLib\MsdLib.csproj", "{42AAC68E-5650-4DAD-858E-D0F9E9AC563B}"
EndProject
Project("{2150E333-8FDC-42A3-9474-1A3956D46DE8}") = "FinalTest", "FinalTest", "{3AA44702-6A34-4AF5-B804-EF2D0C0B2917}"
	ProjectSection(SolutionItems) = preProject
		..\..\Users\abbasi\Desktop\abbasi_1392-9-16.xlsx = ..\..\Users\abbasi\Desktop\abbasi_1392-9-16.xlsx
		..\..\Users\bakhtiari\Desktop\BakhtiariFinalTest1_1392_9_16.xlsx = ..\..\Users\bakhtiari\Desktop\BakhtiariFinalTest1_1392_9_16.xlsx
	EndProjectSection
EndProject
Project("{FAE04EC0-301F-11D3-BF4B-00C04F79EFBC}") = "IRERP_RestAPI_WorkFlows", "WorkFlows\IRERP_RestAPI_WorkFlows.csproj", "{98EC024C-6439-44B1-8B1E-29E457B2201F}"
EndProject
Project("{FAE04EC0-301F-11D3-BF4B-00C04F79EFBC}") = "ConsoleAppToTest", "ConsoleAppToTest\ConsoleAppToTest.csproj", "{3ADF4A6C-EA6A-4029-8F83-F308F26E1515}"
EndProject
Global
	GlobalSection(SolutionConfigurationPlatforms) = preSolution
		Debug|Any CPU = Debug|Any CPU
		Debug|Mixed Platforms = Debug|Mixed Platforms
		Debug|x86 = Debug|x86
		Release|Any CPU = Release|Any CPU
		Release|Mixed Platforms = Release|Mixed Platforms
		Release|x86 = Release|x86
		ReleaseAndSigned|Any CPU = ReleaseAndSigned|Any CPU
		ReleaseAndSigned|Mixed Platforms = ReleaseAndSigned|Mixed Platforms
		ReleaseAndSigned|x86 = ReleaseAndSigned|x86
	EndGlobalSection
	GlobalSection(ProjectConfigurationPlatforms) = postSolution
		{C7532037-723E-4E1C-ACC4-BF522FE1F614}.Debug|Any CPU.ActiveCfg = Debug|Any CPU
		{C7532037-723E-4E1C-ACC4-BF522FE1F614}.Debug|Any CPU.Build.0 = Debug|Any CPU
		{C7532037-723E-4E1C-ACC4-BF522FE1F614}.Debug|Mixed Platforms.ActiveCfg = Debug|Any CPU
		{C7532037-723E-4E1C-ACC4-BF522FE1F614}.Debug|Mixed Platforms.Build.0 = Debug|Any CPU
		{C7532037-723E-4E1C-ACC4-BF522FE1F614}.Debug|x86.ActiveCfg = Debug|Any CPU
		{C7532037-723E-4E1C-ACC4-BF522FE1F614}.Release|Any CPU.ActiveCfg = Release|Any CPU
		{C7532037-723E-4E1C-ACC4-BF522FE1F614}.Release|Any CPU.Build.0 = Release|Any CPU
		{C7532037-723E-4E1C-ACC4-BF522FE1F614}.Release|Mixed Platforms.ActiveCfg = Release|Any CPU
		{C7532037-723E-4E1C-ACC4-BF522FE1F614}.Release|Mixed Platforms.Build.0 = Release|Any CPU
		{C7532037-723E-4E1C-ACC4-BF522FE1F614}.Release|x86.ActiveCfg = Release|Any CPU
		{C7532037-723E-4E1C-ACC4-BF522FE1F614}.ReleaseAndSigned|Any CPU.ActiveCfg = Release|Any CPU
		{C7532037-723E-4E1C-ACC4-BF522FE1F614}.ReleaseAndSigned|Any CPU.Build.0 = Release|Any CPU
		{C7532037-723E-4E1C-ACC4-BF522FE1F614}.ReleaseAndSigned|Mixed Platforms.ActiveCfg = Release|Any CPU
		{C7532037-723E-4E1C-ACC4-BF522FE1F614}.ReleaseAndSigned|Mixed Platforms.Build.0 = Release|Any CPU
		{C7532037-723E-4E1C-ACC4-BF522FE1F614}.ReleaseAndSigned|x86.ActiveCfg = Release|Any CPU
		{8C2D1F0E-0117-43E1-8F90-AF0238E81ECD}.Debug|Any CPU.ActiveCfg = Debug|Any CPU
		{8C2D1F0E-0117-43E1-8F90-AF0238E81ECD}.Debug|Any CPU.Build.0 = Debug|Any CPU
		{8C2D1F0E-0117-43E1-8F90-AF0238E81ECD}.Debug|Mixed Platforms.ActiveCfg = Debug|Any CPU
		{8C2D1F0E-0117-43E1-8F90-AF0238E81ECD}.Debug|Mixed Platforms.Build.0 = Debug|Any CPU
		{8C2D1F0E-0117-43E1-8F90-AF0238E81ECD}.Debug|x86.ActiveCfg = Debug|Any CPU
		{8C2D1F0E-0117-43E1-8F90-AF0238E81ECD}.Release|Any CPU.ActiveCfg = Release|Any CPU
		{8C2D1F0E-0117-43E1-8F90-AF0238E81ECD}.Release|Any CPU.Build.0 = Release|Any CPU
		{8C2D1F0E-0117-43E1-8F90-AF0238E81ECD}.Release|Mixed Platforms.ActiveCfg = Release|Any CPU
		{8C2D1F0E-0117-43E1-8F90-AF0238E81ECD}.Release|Mixed Platforms.Build.0 = Release|Any CPU
		{8C2D1F0E-0117-43E1-8F90-AF0238E81ECD}.Release|x86.ActiveCfg = Release|Any CPU
		{8C2D1F0E-0117-43E1-8F90-AF0238E81ECD}.ReleaseAndSigned|Any CPU.ActiveCfg = Release|Any CPU
		{8C2D1F0E-0117-43E1-8F90-AF0238E81ECD}.ReleaseAndSigned|Any CPU.Build.0 = Release|Any CPU
		{8C2D1F0E-0117-43E1-8F90-AF0238E81ECD}.ReleaseAndSigned|Mixed Platforms.ActiveCfg = Release|Any CPU
		{8C2D1F0E-0117-43E1-8F90-AF0238E81ECD}.ReleaseAndSigned|Mixed Platforms.Build.0 = Release|Any CPU
		{8C2D1F0E-0117-43E1-8F90-AF0238E81ECD}.ReleaseAndSigned|x86.ActiveCfg = Release|Any CPU
		{92265119-31F8-46CC-BCF9-E1B52C39ACCE}.Debug|Any CPU.ActiveCfg = Debug|Any CPU
		{92265119-31F8-46CC-BCF9-E1B52C39ACCE}.Debug|Any CPU.Build.0 = Debug|Any CPU
		{92265119-31F8-46CC-BCF9-E1B52C39ACCE}.Debug|Mixed Platforms.ActiveCfg = Debug|Any CPU
		{92265119-31F8-46CC-BCF9-E1B52C39ACCE}.Debug|Mixed Platforms.Build.0 = Debug|Any CPU
		{92265119-31F8-46CC-BCF9-E1B52C39ACCE}.Debug|x86.ActiveCfg = Debug|Any CPU
		{92265119-31F8-46CC-BCF9-E1B52C39ACCE}.Release|Any CPU.ActiveCfg = Release|Any CPU
		{92265119-31F8-46CC-BCF9-E1B52C39ACCE}.Release|Any CPU.Build.0 = Release|Any CPU
		{92265119-31F8-46CC-BCF9-E1B52C39ACCE}.Release|Mixed Platforms.ActiveCfg = Release|Any CPU
		{92265119-31F8-46CC-BCF9-E1B52C39ACCE}.Release|Mixed Platforms.Build.0 = Release|Any CPU
		{92265119-31F8-46CC-BCF9-E1B52C39ACCE}.Release|x86.ActiveCfg = Release|Any CPU
		{92265119-31F8-46CC-BCF9-E1B52C39ACCE}.ReleaseAndSigned|Any CPU.ActiveCfg = Release|Any CPU
		{92265119-31F8-46CC-BCF9-E1B52C39ACCE}.ReleaseAndSigned|Any CPU.Build.0 = Release|Any CPU
		{92265119-31F8-46CC-BCF9-E1B52C39ACCE}.ReleaseAndSigned|Mixed Platforms.ActiveCfg = Release|Any CPU
		{92265119-31F8-46CC-BCF9-E1B52C39ACCE}.ReleaseAndSigned|Mixed Platforms.Build.0 = Release|Any CPU
		{92265119-31F8-46CC-BCF9-E1B52C39ACCE}.ReleaseAndSigned|x86.ActiveCfg = Release|Any CPU
		{5909BFE7-93CF-4E5F-BE22-6293368AF01D}.Debug|Any CPU.ActiveCfg = Debug|Any CPU
		{5909BFE7-93CF-4E5F-BE22-6293368AF01D}.Debug|Any CPU.Build.0 = Debug|Any CPU
		{5909BFE7-93CF-4E5F-BE22-6293368AF01D}.Debug|Mixed Platforms.ActiveCfg = Debug|Any CPU
		{5909BFE7-93CF-4E5F-BE22-6293368AF01D}.Debug|Mixed Platforms.Build.0 = Debug|Any CPU
		{5909BFE7-93CF-4E5F-BE22-6293368AF01D}.Debug|x86.ActiveCfg = Debug|Any CPU
		{5909BFE7-93CF-4E5F-BE22-6293368AF01D}.Release|Any CPU.ActiveCfg = Release|Any CPU
		{5909BFE7-93CF-4E5F-BE22-6293368AF01D}.Release|Any CPU.Build.0 = Release|Any CPU
		{5909BFE7-93CF-4E5F-BE22-6293368AF01D}.Release|Mixed Platforms.ActiveCfg = Release|Any CPU
		{5909BFE7-93CF-4E5F-BE22-6293368AF01D}.Release|Mixed Platforms.Build.0 = Release|Any CPU
		{5909BFE7-93CF-4E5F-BE22-6293368AF01D}.Release|x86.ActiveCfg = Release|Any CPU
		{5909BFE7-93CF-4E5F-BE22-6293368AF01D}.ReleaseAndSigned|Any CPU.ActiveCfg = Release|Any CPU
		{5909BFE7-93CF-4E5F-BE22-6293368AF01D}.ReleaseAndSigned|Any CPU.Build.0 = Release|Any CPU
		{5909BFE7-93CF-4E5F-BE22-6293368AF01D}.ReleaseAndSigned|Mixed Platforms.ActiveCfg = Release|Any CPU
		{5909BFE7-93CF-4E5F-BE22-6293368AF01D}.ReleaseAndSigned|Mixed Platforms.Build.0 = Release|Any CPU
		{5909BFE7-93CF-4E5F-BE22-6293368AF01D}.ReleaseAndSigned|x86.ActiveCfg = Release|Any CPU
		{4C251E3E-6EA1-4A51-BBCB-F9C42AE55344}.Debug|Any CPU.ActiveCfg = Debug|Any CPU
		{4C251E3E-6EA1-4A51-BBCB-F9C42AE55344}.Debug|Any CPU.Build.0 = Debug|Any CPU
		{4C251E3E-6EA1-4A51-BBCB-F9C42AE55344}.Debug|Mixed Platforms.ActiveCfg = Debug|Any CPU
		{4C251E3E-6EA1-4A51-BBCB-F9C42AE55344}.Debug|Mixed Platforms.Build.0 = Debug|Any CPU
		{4C251E3E-6EA1-4A51-BBCB-F9C42AE55344}.Debug|x86.ActiveCfg = Debug|Any CPU
		{4C251E3E-6EA1-4A51-BBCB-F9C42AE55344}.Release|Any CPU.ActiveCfg = Release|Any CPU
		{4C251E3E-6EA1-4A51-BBCB-F9C42AE55344}.Release|Any CPU.Build.0 = Release|Any CPU
		{4C251E3E-6EA1-4A51-BBCB-F9C42AE55344}.Release|Mixed Platforms.ActiveCfg = Release|Any CPU
		{4C251E3E-6EA1-4A51-BBCB-F9C42AE55344}.Release|Mixed Platforms.Build.0 = Release|Any CPU
		{4C251E3E-6EA1-4A51-BBCB-F9C42AE55344}.Release|x86.ActiveCfg = Release|Any CPU
		{4C251E3E-6EA1-4A51-BBCB-F9C42AE55344}.ReleaseAndSigned|Any CPU.ActiveCfg = Release|Any CPU
		{4C251E3E-6EA1-4A51-BBCB-F9C42AE55344}.ReleaseAndSigned|Any CPU.Build.0 = Release|Any CPU
		{4C251E3E-6EA1-4A51-BBCB-F9C42AE55344}.ReleaseAndSigned|Mixed Platforms.ActiveCfg = Release|Any CPU
		{4C251E3E-6EA1-4A51-BBCB-F9C42AE55344}.ReleaseAndSigned|Mixed Platforms.Build.0 = Release|Any CPU
		{4C251E3E-6EA1-4A51-BBCB-F9C42AE55344}.ReleaseAndSigned|x86.ActiveCfg = Release|Any CPU
		{529145D5-6CC3-4016-89B5-826563024AF1}.Debug|Any CPU.ActiveCfg = Debug|Any CPU
		{529145D5-6CC3-4016-89B5-826563024AF1}.Debug|Any CPU.Build.0 = Debug|Any CPU
		{529145D5-6CC3-4016-89B5-826563024AF1}.Debug|Mixed Platforms.ActiveCfg = Debug|Any CPU
		{529145D5-6CC3-4016-89B5-826563024AF1}.Debug|Mixed Platforms.Build.0 = Debug|Any CPU
		{529145D5-6CC3-4016-89B5-826563024AF1}.Debug|x86.ActiveCfg = Debug|Any CPU
		{529145D5-6CC3-4016-89B5-826563024AF1}.Release|Any CPU.ActiveCfg = Release|Any CPU
		{529145D5-6CC3-4016-89B5-826563024AF1}.Release|Any CPU.Build.0 = Release|Any CPU
		{529145D5-6CC3-4016-89B5-826563024AF1}.Release|Mixed Platforms.ActiveCfg = Release|Any CPU
		{529145D5-6CC3-4016-89B5-826563024AF1}.Release|Mixed Platforms.Build.0 = Release|Any CPU
		{529145D5-6CC3-4016-89B5-826563024AF1}.Release|x86.ActiveCfg = Release|Any CPU
		{529145D5-6CC3-4016-89B5-826563024AF1}.ReleaseAndSigned|Any CPU.ActiveCfg = Release|Any CPU
		{529145D5-6CC3-4016-89B5-826563024AF1}.ReleaseAndSigned|Any CPU.Build.0 = Release|Any CPU
		{529145D5-6CC3-4016-89B5-826563024AF1}.ReleaseAndSigned|Mixed Platforms.ActiveCfg = Release|Any CPU
		{529145D5-6CC3-4016-89B5-826563024AF1}.ReleaseAndSigned|Mixed Platforms.Build.0 = Release|Any CPU
		{529145D5-6CC3-4016-89B5-826563024AF1}.ReleaseAndSigned|x86.ActiveCfg = Release|Any CPU
		{42AAC68E-5650-4DAD-858E-D0F9E9AC563B}.Debug|Any CPU.ActiveCfg = Debug|Any CPU
		{42AAC68E-5650-4DAD-858E-D0F9E9AC563B}.Debug|Any CPU.Build.0 = Debug|Any CPU
		{42AAC68E-5650-4DAD-858E-D0F9E9AC563B}.Debug|Mixed Platforms.ActiveCfg = Debug|Any CPU
		{42AAC68E-5650-4DAD-858E-D0F9E9AC563B}.Debug|Mixed Platforms.Build.0 = Debug|Any CPU
		{42AAC68E-5650-4DAD-858E-D0F9E9AC563B}.Debug|x86.ActiveCfg = Debug|Any CPU
		{42AAC68E-5650-4DAD-858E-D0F9E9AC563B}.Release|Any CPU.ActiveCfg = Release|Any CPU
		{42AAC68E-5650-4DAD-858E-D0F9E9AC563B}.Release|Any CPU.Build.0 = Release|Any CPU
		{42AAC68E-5650-4DAD-858E-D0F9E9AC563B}.Release|Mixed Platforms.ActiveCfg = Release|Any CPU
		{42AAC68E-5650-4DAD-858E-D0F9E9AC563B}.Release|Mixed Platforms.Build.0 = Release|Any CPU
		{42AAC68E-5650-4DAD-858E-D0F9E9AC563B}.Release|x86.ActiveCfg = Release|Any CPU
		{42AAC68E-5650-4DAD-858E-D0F9E9AC563B}.ReleaseAndSigned|Any CPU.ActiveCfg = Release|Any CPU
		{42AAC68E-5650-4DAD-858E-D0F9E9AC563B}.ReleaseAndSigned|Any CPU.Build.0 = Release|Any CPU
		{42AAC68E-5650-4DAD-858E-D0F9E9AC563B}.ReleaseAndSigned|Mixed Platforms.ActiveCfg = Release|Any CPU
		{42AAC68E-5650-4DAD-858E-D0F9E9AC563B}.ReleaseAndSigned|Mixed Platforms.Build.0 = Release|Any CPU
		{42AAC68E-5650-4DAD-858E-D0F9E9AC563B}.ReleaseAndSigned|x86.ActiveCfg = Release|Any CPU
		{98EC024C-6439-44B1-8B1E-29E457B2201F}.Debug|Any CPU.ActiveCfg = Debug|Any CPU
		{98EC024C-6439-44B1-8B1E-29E457B2201F}.Debug|Any CPU.Build.0 = Debug|Any CPU
		{98EC024C-6439-44B1-8B1E-29E457B2201F}.Debug|Mixed Platforms.ActiveCfg = Debug|Any CPU
		{98EC024C-6439-44B1-8B1E-29E457B2201F}.Debug|Mixed Platforms.Build.0 = Debug|Any CPU
		{98EC024C-6439-44B1-8B1E-29E457B2201F}.Debug|x86.ActiveCfg = Debug|Any CPU
		{98EC024C-6439-44B1-8B1E-29E457B2201F}.Release|Any CPU.ActiveCfg = Release|Any CPU
		{98EC024C-6439-44B1-8B1E-29E457B2201F}.Release|Any CPU.Build.0 = Release|Any CPU
		{98EC024C-6439-44B1-8B1E-29E457B2201F}.Release|Mixed Platforms.ActiveCfg = Release|Any CPU
		{98EC024C-6439-44B1-8B1E-29E457B2201F}.Release|Mixed Platforms.Build.0 = Release|Any CPU
		{98EC024C-6439-44B1-8B1E-29E457B2201F}.Release|x86.ActiveCfg = Release|Any CPU
		{98EC024C-6439-44B1-8B1E-29E457B2201F}.ReleaseAndSigned|Any CPU.ActiveCfg = Release|Any CPU
		{98EC024C-6439-44B1-8B1E-29E457B2201F}.ReleaseAndSigned|Any CPU.Build.0 = Release|Any CPU
		{98EC024C-6439-44B1-8B1E-29E457B2201F}.ReleaseAndSigned|Mixed Platforms.ActiveCfg = Release|Any CPU
		{98EC024C-6439-44B1-8B1E-29E457B2201F}.ReleaseAndSigned|Mixed Platforms.Build.0 = Release|Any CPU
		{98EC024C-6439-44B1-8B1E-29E457B2201F}.ReleaseAndSigned|x86.ActiveCfg = Release|Any CPU
		{3ADF4A6C-EA6A-4029-8F83-F308F26E1515}.Debug|Any CPU.ActiveCfg = Debug|Any CPU
		{3ADF4A6C-EA6A-4029-8F83-F308F26E1515}.Debug|Any CPU.Build.0 = Debug|Any CPU
		{3ADF4A6C-EA6A-4029-8F83-F308F26E1515}.Debug|Mixed Platforms.ActiveCfg = Debug|Any CPU
		{3ADF4A6C-EA6A-4029-8F83-F308F26E1515}.Debug|Mixed Platforms.Build.0 = Debug|Any CPU
		{3ADF4A6C-EA6A-4029-8F83-F308F26E1515}.Debug|x86.ActiveCfg = Debug|Any CPU
		{3ADF4A6C-EA6A-4029-8F83-F308F26E1515}.Release|Any CPU.ActiveCfg = Release|Any CPU
		{3ADF4A6C-EA6A-4029-8F83-F308F26E1515}.Release|Any CPU.Build.0 = Release|Any CPU
		{3ADF4A6C-EA6A-4029-8F83-F308F26E1515}.Release|Mixed Platforms.ActiveCfg = Release|Any CPU
		{3ADF4A6C-EA6A-4029-8F83-F308F26E1515}.Release|Mixed Platforms.Build.0 = Release|Any CPU
		{3ADF4A6C-EA6A-4029-8F83-F308F26E1515}.Release|x86.ActiveCfg = Release|Any CPU
		{3ADF4A6C-EA6A-4029-8F83-F308F26E1515}.ReleaseAndSigned|Any CPU.ActiveCfg = Release|Any CPU
		{3ADF4A6C-EA6A-4029-8F83-F308F26E1515}.ReleaseAndSigned|Any CPU.Build.0 = Release|Any CPU
		{3ADF4A6C-EA6A-4029-8F83-F308F26E1515}.ReleaseAndSigned|Mixed Platforms.ActiveCfg = Release|Any CPU
		{3ADF4A6C-EA6A-4029-8F83-F308F26E1515}.ReleaseAndSigned|Mixed Platforms.Build.0 = Release|Any CPU
		{3ADF4A6C-EA6A-4029-8F83-F308F26E1515}.ReleaseAndSigned|x86.ActiveCfg = Release|Any CPU
	EndGlobalSection
	GlobalSection(SolutionProperties) = preSolution
		HideSolutionNode = FALSE
	EndGlobalSection
EndGlobal
